PODS:
  - Alamofire (5.6.2)
  - EmptyDataSet-Swift (5.0.0)
  - PromiseKit (6.10.0):
    - PromiseKit/CorePromise (= 6.10.0)
    - PromiseKit/Foundation (= 6.10.0)
    - PromiseKit/UIKit (= 6.10.0)
  - PromiseKit/CorePromise (6.10.0)
  - PromiseKit/Foundation (6.10.0):
    - PromiseKit/CorePromise
  - PromiseKit/UIKit (6.10.0):
    - PromiseKit/CorePromise
  - SDWebImage (5.2.1):
    - SDWebImage/Core (= 5.2.1)
  - SDWebImage/Core (5.2.1)
  - SwiftLint (0.49.1)

DEPENDENCIES:
  - Alamofire
  - EmptyDataSet-Swift (= 5.0.0)
  - PromiseKit (= 6.10.0)
  - SDWebImage (= 5.2.1)
  - SwiftLint

SPEC REPOS:
  trunk:
    - Alamofire
    - EmptyDataSet-Swift
    - PromiseKit
    - SDWebImage
    - SwiftLint

SPEC CHECKSUMS:
  Alamofire: d368e1ff8a298e6dde360e35a3e68e6c610e7204
  EmptyDataSet-Swift: eb382c0c87a2d9c678077385a595cec52da38171
  PromiseKit: 1fdaeb6c0a94a5114fcb814ff3d772b86886ad4e
  SDWebImage: 336f6958a13d5e8347a317cd68a9f6ee9aaaaf03
  SwiftLint: 32ee33ded0636d0905ef6911b2b67bbaeeedafa5

PODFILE CHECKSUM: 5f86c53dd1b42e88f548db06963f04d205bc476d

COCOAPODS: 1.11.3
