// !$*UTF8*$!
{
	archiveVersion = 1;
	classes = {
	};
	objectVersion = 56;
	objects = {

/* Begin PBXBuildFile section */
		23BB620928FEB1F300458905 /* AppDelegate.swift in Sources */ = {isa = PBXBuildFile; fileRef = 23BB620828FEB1F300458905 /* AppDelegate.swift */; };
		23BB620B28FEB1F300458905 /* SceneDelegate.swift in Sources */ = {isa = PBXBuildFile; fileRef = 23BB620A28FEB1F300458905 /* SceneDelegate.swift */; };
		23BB620D28FEB1F300458905 /* ViewController.swift in Sources */ = {isa = PBXBuildFile; fileRef = 23BB620C28FEB1F300458905 /* ViewController.swift */; };
		23BB621028FEB1F300458905 /* Main.storyboard in Resources */ = {isa = PBXBuildFile; fileRef = 23BB620E28FEB1F300458905 /* Main.storyboard */; };
		23BB621228FEB1F400458905 /* Assets.xcassets in Resources */ = {isa = PBXBuildFile; fileRef = 23BB621128FEB1F400458905 /* Assets.xcassets */; };
		23BB621528FEB1F400458905 /* LaunchScreen.storyboard in Resources */ = {isa = PBXBuildFile; fileRef = 23BB621328FEB1F400458905 /* LaunchScreen.storyboard */; };
		23BB622028FEB1F400458905 /* SquareChallengeTests.swift in Sources */ = {isa = PBXBuildFile; fileRef = 23BB621F28FEB1F400458905 /* SquareChallengeTests.swift */; };
		23BB622A28FEB1F400458905 /* SquareChallengeUITests.swift in Sources */ = {isa = PBXBuildFile; fileRef = 23BB622928FEB1F400458905 /* SquareChallengeUITests.swift */; };
		23BB622C28FEB1F400458905 /* SquareChallengeUITestsLaunchTests.swift in Sources */ = {isa = PBXBuildFile; fileRef = 23BB622B28FEB1F400458905 /* SquareChallengeUITestsLaunchTests.swift */; };
/* End PBXBuildFile section */

/* Begin PBXContainerItemProxy section */
		23BB621C28FEB1F400458905 /* PBXContainerItemProxy */ = {
			isa = PBXContainerItemProxy;
			containerPortal = 23BB61FD28FEB1F300458905 /* Project object */;
			proxyType = 1;
			remoteGlobalIDString = 23BB620428FEB1F300458905;
			remoteInfo = SquareChallenge;
		};
		23BB622628FEB1F400458905 /* PBXContainerItemProxy */ = {
			isa = PBXContainerItemProxy;
			containerPortal = 23BB61FD28FEB1F300458905 /* Project object */;
			proxyType = 1;
			remoteGlobalIDString = 23BB620428FEB1F300458905;
			remoteInfo = SquareChallenge;
		};
/* End PBXContainerItemProxy section */

/* Begin PBXFileReference section */
		23BB620528FEB1F300458905 /* SquareChallenge.app */ = {isa = PBXFileReference; explicitFileType = wrapper.application; includeInIndex = 0; path = SquareChallenge.app; sourceTree = BUILT_PRODUCTS_DIR; };
		23BB620828FEB1F300458905 /* AppDelegate.swift */ = {isa = PBXFileReference; lastKnownFileType = sourcecode.swift; path = AppDelegate.swift; sourceTree = "<group>"; };
		23BB620A28FEB1F300458905 /* SceneDelegate.swift */ = {isa = PBXFileReference; lastKnownFileType = sourcecode.swift; path = SceneDelegate.swift; sourceTree = "<group>"; };
		23BB620C28FEB1F300458905 /* ViewController.swift */ = {isa = PBXFileReference; lastKnownFileType = sourcecode.swift; path = ViewController.swift; sourceTree = "<group>"; };
		23BB620F28FEB1F300458905 /* Base */ = {isa = PBXFileReference; lastKnownFileType = file.storyboard; name = Base; path = Base.lproj/Main.storyboard; sourceTree = "<group>"; };
		23BB621128FEB1F400458905 /* Assets.xcassets */ = {isa = PBXFileReference; lastKnownFileType = folder.assetcatalog; path = Assets.xcassets; sourceTree = "<group>"; };
		23BB621428FEB1F400458905 /* Base */ = {isa = PBXFileReference; lastKnownFileType = file.storyboard; name = Base; path = Base.lproj/LaunchScreen.storyboard; sourceTree = "<group>"; };
		23BB621628FEB1F400458905 /* Info.plist */ = {isa = PBXFileReference; lastKnownFileType = text.plist.xml; path = Info.plist; sourceTree = "<group>"; };
		23BB621B28FEB1F400458905 /* SquareChallengeTests.xctest */ = {isa = PBXFileReference; explicitFileType = wrapper.cfbundle; includeInIndex = 0; path = SquareChallengeTests.xctest; sourceTree = BUILT_PRODUCTS_DIR; };
		23BB621F28FEB1F400458905 /* SquareChallengeTests.swift */ = {isa = PBXFileReference; lastKnownFileType = sourcecode.swift; path = SquareChallengeTests.swift; sourceTree = "<group>"; };
		23BB622528FEB1F400458905 /* SquareChallengeUITests.xctest */ = {isa = PBXFileReference; explicitFileType = wrapper.cfbundle; includeInIndex = 0; path = SquareChallengeUITests.xctest; sourceTree = BUILT_PRODUCTS_DIR; };
		23BB622928FEB1F400458905 /* SquareChallengeUITests.swift */ = {isa = PBXFileReference; lastKnownFileType = sourcecode.swift; path = SquareChallengeUITests.swift; sourceTree = "<group>"; };
		23BB622B28FEB1F400458905 /* SquareChallengeUITestsLaunchTests.swift */ = {isa = PBXFileReference; lastKnownFileType = sourcecode.swift; path = SquareChallengeUITestsLaunchTests.swift; sourceTree = "<group>"; };
/* End PBXFileReference section */

/* Begin PBXFrameworksBuildPhase section */
		23BB620228FEB1F300458905 /* Frameworks */ = {
			isa = PBXFrameworksBuildPhase;
			buildActionMask = 2147483647;
			files = (
			);
			runOnlyForDeploymentPostprocessing = 0;
		};
		23BB621828FEB1F400458905 /* Frameworks */ = {
			isa = PBXFrameworksBuildPhase;
			buildActionMask = 2147483647;
			files = (
			);
			runOnlyForDeploymentPostprocessing = 0;
		};
		23BB622228FEB1F400458905 /* Frameworks */ = {
			isa = PBXFrameworksBuildPhase;
			buildActionMask = 2147483647;
			files = (
			);
			runOnlyForDeploymentPostprocessing = 0;
		};
/* End PBXFrameworksBuildPhase section */

/* Begin PBXGroup section */
		23BB61FC28FEB1F300458905 = {
			isa = PBXGroup;
			children = (
				23BB620728FEB1F300458905 /* SquareChallenge */,
				23BB621E28FEB1F400458905 /* SquareChallengeTests */,
				23BB622828FEB1F400458905 /* SquareChallengeUITests */,
				23BB620628FEB1F300458905 /* Products */,
			);
			sourceTree = "<group>";
		};
		23BB620628FEB1F300458905 /* Products */ = {
			isa = PBXGroup;
			children = (
				23BB620528FEB1F300458905 /* SquareChallenge.app */,
				23BB621B28FEB1F400458905 /* SquareChallengeTests.xctest */,
				23BB622528FEB1F400458905 /* SquareChallengeUITests.xctest */,
			);
			name = Products;
			sourceTree = "<group>";
		};
		23BB620728FEB1F300458905 /* SquareChallenge */ = {
			isa = PBXGroup;
			children = (
				23BB620828FEB1F300458905 /* AppDelegate.swift */,
				23BB620A28FEB1F300458905 /* SceneDelegate.swift */,
				23BB620C28FEB1F300458905 /* ViewController.swift */,
				23BB620E28FEB1F300458905 /* Main.storyboard */,
				23BB621128FEB1F400458905 /* Assets.xcassets */,
				23BB621328FEB1F400458905 /* LaunchScreen.storyboard */,
				23BB621628FEB1F400458905 /* Info.plist */,
			);
			path = SquareChallenge;
			sourceTree = "<group>";
		};
		23BB621E28FEB1F400458905 /* SquareChallengeTests */ = {
			isa = PBXGroup;
			children = (
				23BB621F28FEB1F400458905 /* SquareChallengeTests.swift */,
			);
			path = SquareChallengeTests;
			sourceTree = "<group>";
		};
		23BB622828FEB1F400458905 /* SquareChallengeUITests */ = {
			isa = PBXGroup;
			children = (
				23BB622928FEB1F400458905 /* SquareChallengeUITests.swift */,
				23BB622B28FEB1F400458905 /* SquareChallengeUITestsLaunchTests.swift */,
			);
			path = SquareChallengeUITests;
			sourceTree = "<group>";
		};
/* End PBXGroup section */

/* Begin PBXNativeTarget section */
		23BB620428FEB1F300458905 /* SquareChallenge */ = {
			isa = PBXNativeTarget;
			buildConfigurationList = 23BB622F28FEB1F400458905 /* Build configuration list for PBXNativeTarget "SquareChallenge" */;
			buildPhases = (
				23BB620128FEB1F300458905 /* Sources */,
				23BB620228FEB1F300458905 /* Frameworks */,
				23BB620328FEB1F300458905 /* Resources */,
			);
			buildRules = (
			);
			dependencies = (
			);
			name = SquareChallenge;
			productName = SquareChallenge;
			productReference = 23BB620528FEB1F300458905 /* SquareChallenge.app */;
			productType = "com.apple.product-type.application";
		};
		23BB621A28FEB1F400458905 /* SquareChallengeTests */ = {
			isa = PBXNativeTarget;
			buildConfigurationList = 23BB623228FEB1F400458905 /* Build configuration list for PBXNativeTarget "SquareChallengeTests" */;
			buildPhases = (
				23BB621728FEB1F400458905 /* Sources */,
				23BB621828FEB1F400458905 /* Frameworks */,
				23BB621928FEB1F400458905 /* Resources */,
			);
			buildRules = (
			);
			dependencies = (
				23BB621D28FEB1F400458905 /* PBXTargetDependency */,
			);
			name = SquareChallengeTests;
			productName = SquareChallengeTests;
			productReference = 23BB621B28FEB1F400458905 /* SquareChallengeTests.xctest */;
			productType = "com.apple.product-type.bundle.unit-test";
		};
		23BB622428FEB1F400458905 /* SquareChallengeUITests */ = {
			isa = PBXNativeTarget;
			buildConfigurationList = 23BB623528FEB1F400458905 /* Build configuration list for PBXNativeTarget "SquareChallengeUITests" */;
			buildPhases = (
				23BB622128FEB1F400458905 /* Sources */,
				23BB622228FEB1F400458905 /* Frameworks */,
				23BB622328FEB1F400458905 /* Resources */,
			);
			buildRules = (
			);
			dependencies = (
				23BB622728FEB1F400458905 /* PBXTargetDependency */,
			);
			name = SquareChallengeUITests;
			productName = SquareChallengeUITests;
			productReference = 23BB622528FEB1F400458905 /* SquareChallengeUITests.xctest */;
			productType = "com.apple.product-type.bundle.ui-testing";
		};
/* End PBXNativeTarget section */

/* Begin PBXProject section */
		23BB61FD28FEB1F300458905 /* Project object */ = {
			isa = PBXProject;
			attributes = {
				BuildIndependentTargetsInParallel = 1;
				LastSwiftUpdateCheck = 1400;
				LastUpgradeCheck = 1400;
				TargetAttributes = {
					23BB620428FEB1F300458905 = {
						CreatedOnToolsVersion = 14.0;
					};
					23BB621A28FEB1F400458905 = {
						CreatedOnToolsVersion = 14.0;
						TestTargetID = 23BB620428FEB1F300458905;
					};
					23BB622428FEB1F400458905 = {
						CreatedOnToolsVersion = 14.0;
						TestTargetID = 23BB620428FEB1F300458905;
					};
				};
			};
			buildConfigurationList = 23BB620028FEB1F300458905 /* Build configuration list for PBXProject "SquareChallenge" */;
			compatibilityVersion = "Xcode 14.0";
			developmentRegion = en;
			hasScannedForEncodings = 0;
			knownRegions = (
				en,
				Base,
			);
			mainGroup = 23BB61FC28FEB1F300458905;
			productRefGroup = 23BB620628FEB1F300458905 /* Products */;
			projectDirPath = "";
			projectRoot = "";
			targets = (
				23BB620428FEB1F300458905 /* SquareChallenge */,
				23BB621A28FEB1F400458905 /* SquareChallengeTests */,
				23BB622428FEB1F400458905 /* SquareChallengeUITests */,
			);
		};
/* End PBXProject section */

/* Begin PBXResourcesBuildPhase section */
		23BB620328FEB1F300458905 /* Resources */ = {
			isa = PBXResourcesBuildPhase;
			buildActionMask = 2147483647;
			files = (
				23BB621528FEB1F400458905 /* LaunchScreen.storyboard in Resources */,
				23BB621228FEB1F400458905 /* Assets.xcassets in Resources */,
				23BB621028FEB1F300458905 /* Main.storyboard in Resources */,
			);
			runOnlyForDeploymentPostprocessing = 0;
		};
		23BB621928FEB1F400458905 /* Resources */ = {
			isa = PBXResourcesBuildPhase;
			buildActionMask = 2147483647;
			files = (
			);
			runOnlyForDeploymentPostprocessing = 0;
		};
		23BB622328FEB1F400458905 /* Resources */ = {
			isa = PBXResourcesBuildPhase;
			buildActionMask = 2147483647;
			files = (
			);
			runOnlyForDeploymentPostprocessing = 0;
		};
/* End PBXResourcesBuildPhase section */

/* Begin PBXSourcesBuildPhase section */
		23BB620128FEB1F300458905 /* Sources */ = {
			isa = PBXSourcesBuildPhase;
			buildActionMask = 2147483647;
			files = (
				23BB620D28FEB1F300458905 /* ViewController.swift in Sources */,
				23BB620928FEB1F300458905 /* AppDelegate.swift in Sources */,
				23BB620B28FEB1F300458905 /* SceneDelegate.swift in Sources */,
			);
			runOnlyForDeploymentPostprocessing = 0;
		};
		23BB621728FEB1F400458905 /* Sources */ = {
			isa = PBXSourcesBuildPhase;
			buildActionMask = 2147483647;
			files = (
				23BB622028FEB1F400458905 /* SquareChallengeTests.swift in Sources */,
			);
			runOnlyForDeploymentPostprocessing = 0;
		};
		23BB622128FEB1F400458905 /* Sources */ = {
			isa = PBXSourcesBuildPhase;
			buildActionMask = 2147483647;
			files = (
				23BB622A28FEB1F400458905 /* SquareChallengeUITests.swift in Sources */,
				23BB622C28FEB1F400458905 /* SquareChallengeUITestsLaunchTests.swift in Sources */,
			);
			runOnlyForDeploymentPostprocessing = 0;
		};
/* End PBXSourcesBuildPhase section */

/* Begin PBXTargetDependency section */
		23BB621D28FEB1F400458905 /* PBXTargetDependency */ = {
			isa = PBXTargetDependency;
			target = 23BB620428FEB1F300458905 /* SquareChallenge */;
			targetProxy = 23BB621C28FEB1F400458905 /* PBXContainerItemProxy */;
		};
		23BB622728FEB1F400458905 /* PBXTargetDependency */ = {
			isa = PBXTargetDependency;
			target = 23BB620428FEB1F300458905 /* SquareChallenge */;
			targetProxy = 23BB622628FEB1F400458905 /* PBXContainerItemProxy */;
		};
/* End PBXTargetDependency section */

/* Begin PBXVariantGroup section */
		23BB620E28FEB1F300458905 /* Main.storyboard */ = {
			isa = PBXVariantGroup;
			children = (
				23BB620F28FEB1F300458905 /* Base */,
			);
			name = Main.storyboard;
			sourceTree = "<group>";
		};
		23BB621328FEB1F400458905 /* LaunchScreen.storyboard */ = {
			isa = PBXVariantGroup;
			children = (
				23BB621428FEB1F400458905 /* Base */,
			);
			name = LaunchScreen.storyboard;
			sourceTree = "<group>";
		};
/* End PBXVariantGroup section */

/* Begin XCBuildConfiguration section */
		23BB622D28FEB1F400458905 /* Debug */ = {
			isa = XCBuildConfiguration;
			buildSettings = {
				ALWAYS_SEARCH_USER_PATHS = NO;
				CLANG_ANALYZER_NONNULL = YES;
				CLANG_ANALYZER_NUMBER_OBJECT_CONVERSION = YES_AGGRESSIVE;
				CLANG_CXX_LANGUAGE_STANDARD = "gnu++20";
				CLANG_ENABLE_MODULES = YES;
				CLANG_ENABLE_OBJC_ARC = YES;
				CLANG_ENABLE_OBJC_WEAK = YES;
				CLANG_WARN_BLOCK_CAPTURE_AUTORELEASING = YES;
				CLANG_WARN_BOOL_CONVERSION = YES;
				CLANG_WARN_COMMA = YES;
				CLANG_WARN_CONSTANT_CONVERSION = YES;
				CLANG_WARN_DEPRECATED_OBJC_IMPLEMENTATIONS = YES;
				CLANG_WARN_DIRECT_OBJC_ISA_USAGE = YES_ERROR;
				CLANG_WARN_DOCUMENTATION_COMMENTS = YES;
				CLANG_WARN_EMPTY_BODY = YES;
				CLANG_WARN_ENUM_CONVERSION = YES;
				CLANG_WARN_INFINITE_RECURSION = YES;
				CLANG_WARN_INT_CONVERSION = YES;
				CLANG_WARN_NON_LITERAL_NULL_CONVERSION = YES;
				CLANG_WARN_OBJC_IMPLICIT_RETAIN_SELF = YES;
				CLANG_WARN_OBJC_LITERAL_CONVERSION = YES;
				CLANG_WARN_OBJC_ROOT_CLASS = YES_ERROR;
				CLANG_WARN_QUOTED_INCLUDE_IN_FRAMEWORK_HEADER = YES;
				CLANG_WARN_RANGE_LOOP_ANALYSIS = YES;
				CLANG_WARN_STRICT_PROTOTYPES = YES;
				CLANG_WARN_SUSPICIOUS_MOVE = YES;
				CLANG_WARN_UNGUARDED_AVAILABILITY = YES_AGGRESSIVE;
				CLANG_WARN_UNREACHABLE_CODE = YES;
				CLANG_WARN__DUPLICATE_METHOD_MATCH = YES;
				COPY_PHASE_STRIP = NO;
				DEBUG_INFORMATION_FORMAT = dwarf;
				ENABLE_STRICT_OBJC_MSGSEND = YES;
				ENABLE_TESTABILITY = YES;
				GCC_C_LANGUAGE_STANDARD = gnu11;
				GCC_DYNAMIC_NO_PIC = NO;
				GCC_NO_COMMON_BLOCKS = YES;
				GCC_OPTIMIZATION_LEVEL = 0;
				GCC_PREPROCESSOR_DEFINITIONS = (
					"DEBUG=1",
					"$(inherited)",
				);
				GCC_WARN_64_TO_32_BIT_CONVERSION = YES;
				GCC_WARN_ABOUT_RETURN_TYPE = YES_ERROR;
				GCC_WARN_UNDECLARED_SELECTOR = YES;
				GCC_WARN_UNINITIALIZED_AUTOS = YES_AGGRESSIVE;
				GCC_WARN_UNUSED_FUNCTION = YES;
				GCC_WARN_UNUSED_VARIABLE = YES;
				IPHONEOS_DEPLOYMENT_TARGET = 16.0;
				MTL_ENABLE_DEBUG_INFO = INCLUDE_SOURCE;
				MTL_FAST_MATH = YES;
				ONLY_ACTIVE_ARCH = YES;
				SDKROOT = iphoneos;
				SWIFT_ACTIVE_COMPILATION_CONDITIONS = DEBUG;
				SWIFT_OPTIMIZATION_LEVEL = "-Onone";
			};
			name = Debug;
		};
		23BB622E28FEB1F400458905 /* Release */ = {
			isa = XCBuildConfiguration;
			buildSettings = {
				ALWAYS_SEARCH_USER_PATHS = NO;
				CLANG_ANALYZER_NONNULL = YES;
				CLANG_ANALYZER_NUMBER_OBJECT_CONVERSION = YES_AGGRESSIVE;
				CLANG_CXX_LANGUAGE_STANDARD = "gnu++20";
				CLANG_ENABLE_MODULES = YES;
				CLANG_ENABLE_OBJC_ARC = YES;
				CLANG_ENABLE_OBJC_WEAK = YES;
				CLANG_WARN_BLOCK_CAPTURE_AUTORELEASING = YES;
				CLANG_WARN_BOOL_CONVERSION = YES;
				CLANG_WARN_COMMA = YES;
				CLANG_WARN_CONSTANT_CONVERSION = YES;
				CLANG_WARN_DEPRECATED_OBJC_IMPLEMENTATIONS = YES;
				CLANG_WARN_DIRECT_OBJC_ISA_USAGE = YES_ERROR;
				CLANG_WARN_DOCUMENTATION_COMMENTS = YES;
				CLANG_WARN_EMPTY_BODY = YES;
				CLANG_WARN_ENUM_CONVERSION = YES;
				CLANG_WARN_INFINITE_RECURSION = YES;
				CLANG_WARN_INT_CONVERSION = YES;
				CLANG_WARN_NON_LITERAL_NULL_CONVERSION = YES;
				CLANG_WARN_OBJC_IMPLICIT_RETAIN_SELF = YES;
				CLANG_WARN_OBJC_LITERAL_CONVERSION = YES;
				CLANG_WARN_OBJC_ROOT_CLASS = YES_ERROR;
				CLANG_WARN_QUOTED_INCLUDE_IN_FRAMEWORK_HEADER = YES;
				CLANG_WARN_RANGE_LOOP_ANALYSIS = YES;
				CLANG_WARN_STRICT_PROTOTYPES = YES;
				CLANG_WARN_SUSPICIOUS_MOVE = YES;
				CLANG_WARN_UNGUARDED_AVAILABILITY = YES_AGGRESSIVE;
				CLANG_WARN_UNREACHABLE_CODE = YES;
				CLANG_WARN__DUPLICATE_METHOD_MATCH = YES;
				COPY_PHASE_STRIP = NO;
				DEBUG_INFORMATION_FORMAT = "dwarf-with-dsym";
				ENABLE_NS_ASSERTIONS = NO;
				ENABLE_STRICT_OBJC_MSGSEND = YES;
				GCC_C_LANGUAGE_STANDARD = gnu11;
				GCC_NO_COMMON_BLOCKS = YES;
				GCC_WARN_64_TO_32_BIT_CONVERSION = YES;
				GCC_WARN_ABOUT_RETURN_TYPE = YES_ERROR;
				GCC_WARN_UNDECLARED_SELECTOR = YES;
				GCC_WARN_UNINITIALIZED_AUTOS = YES_AGGRESSIVE;
				GCC_WARN_UNUSED_FUNCTION = YES;
				GCC_WARN_UNUSED_VARIABLE = YES;
				IPHONEOS_DEPLOYMENT_TARGET = 16.0;
				MTL_ENABLE_DEBUG_INFO = NO;
				MTL_FAST_MATH = YES;
				SDKROOT = iphoneos;
				SWIFT_COMPILATION_MODE = wholemodule;
				SWIFT_OPTIMIZATION_LEVEL = "-O";
				VALIDATE_PRODUCT = YES;
			};
			name = Release;
		};
		23BB623028FEB1F400458905 /* Debug */ = {
			isa = XCBuildConfiguration;
			buildSettings = {
				ASSETCATALOG_COMPILER_APPICON_NAME = AppIcon;
				ASSETCATALOG_COMPILER_GLOBAL_ACCENT_COLOR_NAME = AccentColor;
				CODE_SIGN_STYLE = Automatic;
				CURRENT_PROJECT_VERSION = 1;
				DEVELOPMENT_TEAM = 8T3W9YR268;
				GENERATE_INFOPLIST_FILE = YES;
				INFOPLIST_FILE = SquareChallenge/Info.plist;
				INFOPLIST_KEY_UIApplicationSupportsIndirectInputEvents = YES;
				INFOPLIST_KEY_UILaunchStoryboardName = LaunchScreen;
				INFOPLIST_KEY_UIMainStoryboardFile = Main;
				INFOPLIST_KEY_UISupportedInterfaceOrientations_iPad = "UIInterfaceOrientationPortrait UIInterfaceOrientationPortraitUpsideDown UIInterfaceOrientationLandscapeLeft UIInterfaceOrientationLandscapeRight";
				INFOPLIST_KEY_UISupportedInterfaceOrientations_iPhone = "UIInterfaceOrientationPortrait UIInterfaceOrientationLandscapeLeft UIInterfaceOrientationLandscapeRight";
				LD_RUNPATH_SEARCH_PATHS = (
					"$(inherited)",
					"@executable_path/Frameworks",
				);
				MARKETING_VERSION = 1.0;
				PRODUCT_BUNDLE_IDENTIFIER = com.SquareChallenge;
				PRODUCT_NAME = "$(TARGET_NAME)";
				SWIFT_EMIT_LOC_STRINGS = YES;
				SWIFT_VERSION = 5.0;
				TARGETED_DEVICE_FAMILY = "1,2";
			};
			name = Debug;
		};
		23BB623128FEB1F400458905 /* Release */ = {
			isa = XCBuildConfiguration;
			buildSettings = {
				ASSETCATALOG_COMPILER_APPICON_NAME = AppIcon;
				ASSETCATALOG_COMPILER_GLOBAL_ACCENT_COLOR_NAME = AccentColor;
				CODE_SIGN_STYLE = Automatic;
				CURRENT_PROJECT_VERSION = 1;
				DEVELOPMENT_TEAM = 8T3W9YR268;
				GENERATE_INFOPLIST_FILE = YES;
				INFOPLIST_FILE = SquareChallenge/Info.plist;
				INFOPLIST_KEY_UIApplicationSupportsIndirectInputEvents = YES;
				INFOPLIST_KEY_UILaunchStoryboardName = LaunchScreen;
				INFOPLIST_KEY_UIMainStoryboardFile = Main;
				INFOPLIST_KEY_UISupportedInterfaceOrientations_iPad = "UIInterfaceOrientationPortrait UIInterfaceOrientationPortraitUpsideDown UIInterfaceOrientationLandscapeLeft UIInterfaceOrientationLandscapeRight";
				INFOPLIST_KEY_UISupportedInterfaceOrientations_iPhone = "UIInterfaceOrientationPortrait UIInterfaceOrientationLandscapeLeft UIInterfaceOrientationLandscapeRight";
				LD_RUNPATH_SEARCH_PATHS = (
					"$(inherited)",
					"@executable_path/Frameworks",
				);
				MARKETING_VERSION = 1.0;
				PRODUCT_BUNDLE_IDENTIFIER = com.SquareChallenge;
				PRODUCT_NAME = "$(TARGET_NAME)";
				SWIFT_EMIT_LOC_STRINGS = YES;
				SWIFT_VERSION = 5.0;
				TARGETED_DEVICE_FAMILY = "1,2";
			};
			name = Release;
		};
		23BB623328FEB1F400458905 /* Debug */ = {
			isa = XCBuildConfiguration;
			buildSettings = {
				ALWAYS_EMBED_SWIFT_STANDARD_LIBRARIES = YES;
				BUNDLE_LOADER = "$(TEST_HOST)";
				CODE_SIGN_STYLE = Automatic;
				CURRENT_PROJECT_VERSION = 1;
				DEVELOPMENT_TEAM = 8T3W9YR268;
				GENERATE_INFOPLIST_FILE = YES;
				IPHONEOS_DEPLOYMENT_TARGET = 16.0;
				MARKETING_VERSION = 1.0;
				PRODUCT_BUNDLE_IDENTIFIER = com.SquareChallengeTests;
				PRODUCT_NAME = "$(TARGET_NAME)";
				SWIFT_EMIT_LOC_STRINGS = NO;
				SWIFT_VERSION = 5.0;
				TARGETED_DEVICE_FAMILY = "1,2";
				TEST_HOST = "$(BUILT_PRODUCTS_DIR)/SquareChallenge.app/$(BUNDLE_EXECUTABLE_FOLDER_PATH)/SquareChallenge";
			};
			name = Debug;
		};
		23BB623428FEB1F400458905 /* Release */ = {
			isa = XCBuildConfiguration;
			buildSettings = {
				ALWAYS_EMBED_SWIFT_STANDARD_LIBRARIES = YES;
				BUNDLE_LOADER = "$(TEST_HOST)";
				CODE_SIGN_STYLE = Automatic;
				CURRENT_PROJECT_VERSION = 1;
				DEVELOPMENT_TEAM = 8T3W9YR268;
				GENERATE_INFOPLIST_FILE = YES;
				IPHONEOS_DEPLOYMENT_TARGET = 16.0;
				MARKETING_VERSION = 1.0;
				PRODUCT_BUNDLE_IDENTIFIER = com.SquareChallengeTests;
				PRODUCT_NAME = "$(TARGET_NAME)";
				SWIFT_EMIT_LOC_STRINGS = NO;
				SWIFT_VERSION = 5.0;
				TARGETED_DEVICE_FAMILY = "1,2";
				TEST_HOST = "$(BUILT_PRODUCTS_DIR)/SquareChallenge.app/$(BUNDLE_EXECUTABLE_FOLDER_PATH)/SquareChallenge";
			};
			name = Release;
		};
		23BB623628FEB1F400458905 /* Debug */ = {
			isa = XCBuildConfiguration;
			buildSettings = {
				ALWAYS_EMBED_SWIFT_STANDARD_LIBRARIES = YES;
				CODE_SIGN_STYLE = Automatic;
				CURRENT_PROJECT_VERSION = 1;
				DEVELOPMENT_TEAM = 8T3W9YR268;
				GENERATE_INFOPLIST_FILE = YES;
				MARKETING_VERSION = 1.0;
				PRODUCT_BUNDLE_IDENTIFIER = com.SquareChallengeUITests;
				PRODUCT_NAME = "$(TARGET_NAME)";
				SWIFT_EMIT_LOC_STRINGS = NO;
				SWIFT_VERSION = 5.0;
				TARGETED_DEVICE_FAMILY = "1,2";
				TEST_TARGET_NAME = SquareChallenge;
			};
			name = Debug;
		};
		23BB623728FEB1F400458905 /* Release */ = {
			isa = XCBuildConfiguration;
			buildSettings = {
				ALWAYS_EMBED_SWIFT_STANDARD_LIBRARIES = YES;
				CODE_SIGN_STYLE = Automatic;
				CURRENT_PROJECT_VERSION = 1;
				DEVELOPMENT_TEAM = 8T3W9YR268;
				GENERATE_INFOPLIST_FILE = YES;
				MARKETING_VERSION = 1.0;
				PRODUCT_BUNDLE_IDENTIFIER = com.SquareChallengeUITests;
				PRODUCT_NAME = "$(TARGET_NAME)";
				SWIFT_EMIT_LOC_STRINGS = NO;
				SWIFT_VERSION = 5.0;
				TARGETED_DEVICE_FAMILY = "1,2";
				TEST_TARGET_NAME = SquareChallenge;
			};
			name = Release;
		};
/* End XCBuildConfiguration section */

/* Begin XCConfigurationList section */
		23BB620028FEB1F300458905 /* Build configuration list for PBXProject "SquareChallenge" */ = {
			isa = XCConfigurationList;
			buildConfigurations = (
				23BB622D28FEB1F400458905 /* Debug */,
				23BB622E28FEB1F400458905 /* Release */,
			);
			defaultConfigurationIsVisible = 0;
			defaultConfigurationName = Release;
		};
		23BB622F28FEB1F400458905 /* Build configuration list for PBXNativeTarget "SquareChallenge" */ = {
			isa = XCConfigurationList;
			buildConfigurations = (
				23BB623028FEB1F400458905 /* Debug */,
				23BB623128FEB1F400458905 /* Release */,
			);
			defaultConfigurationIsVisible = 0;
			defaultConfigurationName = Release;
		};
		23BB623228FEB1F400458905 /* Build configuration list for PBXNativeTarget "SquareChallengeTests" */ = {
			isa = XCConfigurationList;
			buildConfigurations = (
				23BB623328FEB1F400458905 /* Debug */,
				23BB623428FEB1F400458905 /* Release */,
			);
			defaultConfigurationIsVisible = 0;
			defaultConfigurationName = Release;
		};
		23BB623528FEB1F400458905 /* Build configuration list for PBXNativeTarget "SquareChallengeUITests" */ = {
			isa = XCConfigurationList;
			buildConfigurations = (
				23BB623628FEB1F400458905 /* Debug */,
				23BB623728FEB1F400458905 /* Release */,
			);
			defaultConfigurationIsVisible = 0;
			defaultConfigurationName = Release;
		};
/* End XCConfigurationList section */
	};
	rootObject = 23BB61FD28FEB1F300458905 /* Project object */;
}
